
Microsoft Visual Studio Solution File, Format Version 12.00
# Visual Studio Version 17
VisualStudioVersion = 17.0.31903.59
MinimumVisualStudioVersion = 10.0.40219.1
Project("{FAE04EC0-301F-11D3-BF4B-00C04F79EFBC}") = "SmoothOperator", "SmoothOperator\SmoothOperator.csproj", "{F0967589-D124-4D79-8D93-830BE2E5F460}"
EndProject
Project("{FAE04EC0-301F-11D3-BF4B-00C04F79EFBC}") = "VariousOperators", "VariousOperators\VariousOperators.csproj", "{D226B7D6-57B2-4DF8-AC92-07991C6102E9}"
EndProject
Project("{FAE04EC0-301F-11D3-BF4B-00C04F79EFBC}") = "Cilindro", "Cilindro\Cilindro.csproj", "{F38B5478-237B-471D-BF34-E0143A599AA9}"
EndProject
Project("{FAE04EC0-301F-11D3-BF4B-00C04F79EFBC}") = "ValoresEspeciais", "ValoresEspeciais\ValoresEspeciais.csproj", "{852BFA38-4143-4EB4-B38A-872F4694D822}"
EndProject
Project("{FAE04EC0-301F-11D3-BF4B-00C04F79EFBC}") = "IfExample", "IfExample\IfExample.csproj", "{4148A3FC-EBAE-400D-8226-5A6543E6D57F}"
EndProject
Project("{FAE04EC0-301F-11D3-BF4B-00C04F79EFBC}") = "ChatGPTZero", "ChatGPTZero\ChatGPTZero.csproj", "{C77D1833-5391-4B0F-87CB-9087C8094769}"
EndProject
Project("{FAE04EC0-301F-11D3-BF4B-00C04F79EFBC}") = "BreakContinue", "BreakContinue\BreakContinue.csproj", "{10CA5C89-87CF-4B7E-AB0C-CB27D606FAD4}"
EndProject
Global
	GlobalSection(SolutionConfigurationPlatforms) = preSolution
		Debug|Any CPU = Debug|Any CPU
		Release|Any CPU = Release|Any CPU
	EndGlobalSection
	GlobalSection(SolutionProperties) = preSolution
		HideSolutionNode = FALSE
	EndGlobalSection
	GlobalSection(ProjectConfigurationPlatforms) = postSolution
		{F0967589-D124-4D79-8D93-830BE2E5F460}.Debug|Any CPU.ActiveCfg = Debug|Any CPU
		{F0967589-D124-4D79-8D93-830BE2E5F460}.Debug|Any CPU.Build.0 = Debug|Any CPU
		{F0967589-D124-4D79-8D93-830BE2E5F460}.Release|Any CPU.ActiveCfg = Release|Any CPU
		{F0967589-D124-4D79-8D93-830BE2E5F460}.Release|Any CPU.Build.0 = Release|Any CPU
		{D226B7D6-57B2-4DF8-AC92-07991C6102E9}.Debug|Any CPU.ActiveCfg = Debug|Any CPU
		{D226B7D6-57B2-4DF8-AC92-07991C6102E9}.Debug|Any CPU.Build.0 = Debug|Any CPU
		{D226B7D6-57B2-4DF8-AC92-07991C6102E9}.Release|Any CPU.ActiveCfg = Release|Any CPU
		{D226B7D6-57B2-4DF8-AC92-07991C6102E9}.Release|Any CPU.Build.0 = Release|Any CPU
		{F38B5478-237B-471D-BF34-E0143A599AA9}.Debug|Any CPU.ActiveCfg = Debug|Any CPU
		{F38B5478-237B-471D-BF34-E0143A599AA9}.Debug|Any CPU.Build.0 = Debug|Any CPU
		{F38B5478-237B-471D-BF34-E0143A599AA9}.Release|Any CPU.ActiveCfg = Release|Any CPU
		{F38B5478-237B-471D-BF34-E0143A599AA9}.Release|Any CPU.Build.0 = Release|Any CPU
		{852BFA38-4143-4EB4-B38A-872F4694D822}.Debug|Any CPU.ActiveCfg = Debug|Any CPU
		{852BFA38-4143-4EB4-B38A-872F4694D822}.Debug|Any CPU.Build.0 = Debug|Any CPU
		{852BFA38-4143-4EB4-B38A-872F4694D822}.Release|Any CPU.ActiveCfg = Release|Any CPU
		{852BFA38-4143-4EB4-B38A-872F4694D822}.Release|Any CPU.Build.0 = Release|Any CPU
		{4148A3FC-EBAE-400D-8226-5A6543E6D57F}.Debug|Any CPU.ActiveCfg = Debug|Any CPU
		{4148A3FC-EBAE-400D-8226-5A6543E6D57F}.Debug|Any CPU.Build.0 = Debug|Any CPU
		{4148A3FC-EBAE-400D-8226-5A6543E6D57F}.Release|Any CPU.ActiveCfg = Release|Any CPU
		{4148A3FC-EBAE-400D-8226-5A6543E6D57F}.Release|Any CPU.Build.0 = Release|Any CPU
		{C77D1833-5391-4B0F-87CB-9087C8094769}.Debug|Any CPU.ActiveCfg = Debug|Any CPU
		{C77D1833-5391-4B0F-87CB-9087C8094769}.Debug|Any CPU.Build.0 = Debug|Any CPU
		{C77D1833-5391-4B0F-87CB-9087C8094769}.Release|Any CPU.ActiveCfg = Release|Any CPU
		{C77D1833-5391-4B0F-87CB-9087C8094769}.Release|Any CPU.Build.0 = Release|Any CPU
		{10CA5C89-87CF-4B7E-AB0C-CB27D606FAD4}.Debug|Any CPU.ActiveCfg = Debug|Any CPU
		{10CA5C89-87CF-4B7E-AB0C-CB27D606FAD4}.Debug|Any CPU.Build.0 = Debug|Any CPU
		{10CA5C89-87CF-4B7E-AB0C-CB27D606FAD4}.Release|Any CPU.ActiveCfg = Release|Any CPU
		{10CA5C89-87CF-4B7E-AB0C-CB27D606FAD4}.Release|Any CPU.Build.0 = Release|Any CPU
	EndGlobalSection
EndGlobal
